{
  "nodes": {
    "darwin": {
      "inputs": {
        "nixpkgs": [
          "nixpkgs"
        ]
      },
      "locked": {
        "lastModified": 1719128254,
        "narHash": "sha256-I7jMpq0CAOZA/i70+HDQO/ulLttyQu/K70cSESiMX7A=",
        "owner": "lnl7",
        "repo": "nix-darwin",
        "rev": "50581970f37f06a4719001735828519925ef8310",
        "type": "github"
      },
      "original": {
        "owner": "lnl7",
        "ref": "master",
        "repo": "nix-darwin",
        "type": "github"
      }
    },
    "disko": {
      "inputs": {
        "nixpkgs": "nixpkgs"
      },
      "locked": {
        "lastModified": 1719640067,
        "narHash": "sha256-ZEJFGHnElbMH3JgnFANxOlJgniFamu9MemvHCMQZtpA=",
        "owner": "nix-community",
        "repo": "disko",
        "rev": "423b86a7f756421325e71663ada79a199bf13408",
        "type": "github"
      },
      "original": {
        "owner": "nix-community",
        "repo": "disko",
        "type": "github"
      }
    },
    "firefox-addons": {
      "inputs": {
        "flake-utils": "flake-utils",
        "nixpkgs": [
          "nixpkgs"
        ]
      },
      "locked": {
        "dir": "pkgs/firefox-addons",
        "lastModified": 1720290646,
        "narHash": "sha256-3qOtNUQN8IX553JnnVirK4nwpi0EDnhFXHZS80+F8y4=",
        "owner": "rycee",
        "repo": "nur-expressions",
        "rev": "e6d4bbd22a5a582b166c8a5f120d2bb21454f194",
        "type": "gitlab"
      },
      "original": {
        "dir": "pkgs/firefox-addons",
        "owner": "rycee",
        "repo": "nur-expressions",
        "type": "gitlab"
      }
    },
    "flake-compat": {
      "flake": false,
      "locked": {
        "lastModified": 1696426674,
        "narHash": "sha256-kvjfFW7WAETZlt09AgDn1MrtKzP7t90Vf7vypd3OL1U=",
        "owner": "edolstra",
        "repo": "flake-compat",
        "rev": "0f9255e01c2351cc7d116c072cb317785dd33b33",
        "type": "github"
      },
      "original": {
        "owner": "edolstra",
        "repo": "flake-compat",
        "type": "github"
      }
    },
    "flake-utils": {
      "locked": {
        "lastModified": 1629284811,
        "narHash": "sha256-JHgasjPR0/J1J3DRm4KxM4zTyAj4IOJY8vIl75v/kPI=",
        "owner": "numtide",
        "repo": "flake-utils",
        "rev": "c5d161cc0af116a2e17f54316f0bf43f0819785c",
        "type": "github"
      },
      "original": {
        "owner": "numtide",
        "repo": "flake-utils",
        "type": "github"
      }
    },
    "flake-utils_2": {
      "inputs": {
        "systems": "systems"
      },
      "locked": {
        "lastModified": 1710146030,
        "narHash": "sha256-SZ5L6eA7HJ/nmkzGG7/ISclqe6oZdOZTNoesiInkXPQ=",
        "owner": "numtide",
        "repo": "flake-utils",
        "rev": "b1d9ab70662946ef0850d488da1c9019f3a9752a",
        "type": "github"
      },
      "original": {
        "owner": "numtide",
        "repo": "flake-utils",
        "type": "github"
      }
    },
    "hardware": {
      "locked": {
        "lastModified": 1719647737,
        "narHash": "sha256-OvX/qQQ33zyB5ReRzm+U5+9Hh6EeYxHdd21tXL3p/eY=",
        "owner": "nixos",
        "repo": "nixos-hardware",
        "rev": "231274268ff2250d4730e274b808f66ef91b6381",
        "type": "github"
      },
      "original": {
        "owner": "nixos",
        "repo": "nixos-hardware",
        "type": "github"
      }
    },
    "home-manager": {
      "inputs": {
        "nixpkgs": [
          "nixpkgs"
        ]
      },
      "locked": {
        "lastModified": 1718530513,
        "narHash": "sha256-BmO8d0r+BVlwWtMLQEYnwmngqdXIuyFzMwvmTcLMee8=",
        "owner": "nix-community",
        "repo": "home-manager",
        "rev": "a1fddf0967c33754271761d91a3d921772b30d0e",
        "type": "github"
      },
      "original": {
        "owner": "nix-community",
        "ref": "release-24.05",
        "repo": "home-manager",
        "type": "github"
      }
    },
    "nix-secrets": {
      "flake": false,
      "locked": {
        "lastModified": 1719654469,
        "narHash": "sha256-GjADMhDCDK1kE/H18iDl+eXgQ92N8uIcOwt/5ubIU5A=",
        "ref": "main",
        "rev": "6c70592ae148262441a322a36e103bfd7aa873f9",
        "shallow": true,
        "type": "git",
        "url": "ssh://git@github.com/nico-swan-com/nix-secrets.git"
      },
      "original": {
        "ref": "main",
        "shallow": true,
        "type": "git",
        "url": "ssh://git@github.com/nico-swan-com/nix-secrets.git"
      }
    },
    "nixos-wsl": {
      "inputs": {
        "flake-compat": "flake-compat",
        "flake-utils": "flake-utils_2",
        "nixpkgs": [
          "nixpkgs"
        ]
      },
      "locked": {
        "lastModified": 1719220171,
        "narHash": "sha256-xywM6JoGT8AwfoOFJBTv8GRlvNu8LYqqqMS/OQ6uCgE=",
        "owner": "nix-community",
        "repo": "NixOS-WSL",
        "rev": "269411cfed6aab694e46f719277c972de96177bb",
        "type": "github"
      },
      "original": {
        "owner": "nix-community",
        "repo": "NixOS-WSL",
        "type": "github"
      }
    },
    "nixpkgs": {
      "locked": {
        "lastModified": 1719379843,
        "narHash": "sha256-u+D+IOAMMl70+CJ9NKB+RMrASjInuIWMHzjLWQjPZ6c=",
        "owner": "NixOS",
        "repo": "nixpkgs",
        "rev": "b3f3c1b13fb08f3828442ee86630362e81136bbc",
        "type": "github"
      },
      "original": {
        "owner": "NixOS",
        "ref": "nixpkgs-unstable",
        "repo": "nixpkgs",
        "type": "github"
      }
    },
    "nixpkgs-stable": {
      "locked": {
        "lastModified": 1719099622,
        "narHash": "sha256-YzJECAxFt+U5LPYf/pCwW/e1iUd2PF21WITHY9B/BAs=",
        "owner": "NixOS",
        "repo": "nixpkgs",
        "rev": "5e8e3b89adbd0be63192f6e645e0a54080004924",
        "type": "github"
      },
      "original": {
        "owner": "NixOS",
        "ref": "release-23.11",
        "repo": "nixpkgs",
        "type": "github"
      }
    },
    "nixpkgs-unstable": {
      "locked": {
        "lastModified": 1719506693,
        "narHash": "sha256-C8e9S7RzshSdHB7L+v9I51af1gDM5unhJ2xO1ywxNH8=",
        "owner": "NixOS",
        "repo": "nixpkgs",
        "rev": "b2852eb9365c6de48ffb0dc2c9562591f652242a",
        "type": "github"
      },
      "original": {
        "owner": "NixOS",
        "ref": "nixos-unstable",
        "repo": "nixpkgs",
        "type": "github"
      }
    },
    "nixpkgs_2": {
      "locked": {
        "lastModified": 1719662287,
        "narHash": "sha256-RO7/o8B5S0t+Hpl351HemQoW48xpM9Mfu4Cz1KaNhRk=",
        "owner": "NixOS",
        "repo": "nixpkgs",
        "rev": "39d41fb92d2d20616071af98f36c87cefb569a73",
        "type": "github"
      },
      "original": {
        "owner": "NixOS",
        "ref": "release-24.05",
        "repo": "nixpkgs",
        "type": "github"
      }
    },
    "nur": {
      "locked": {
        "lastModified": 1720291065,
        "narHash": "sha256-XMrXHsEBaEBO7o9hbZaDntcYulb7xHynOAx8do4SKbQ=",
        "owner": "nix-community",
        "repo": "NUR",
        "rev": "d69bb3b58547228e385a1fab70bfabe2fd040f60",
        "type": "github"
      },
      "original": {
        "owner": "nix-community",
        "repo": "NUR",
        "type": "github"
      }
    },
    "root": {
      "inputs": {
        "darwin": "darwin",
        "disko": "disko",
        "firefox-addons": "firefox-addons",
        "hardware": "hardware",
        "home-manager": "home-manager",
        "nix-secrets": "nix-secrets",
        "nixos-wsl": "nixos-wsl",
        "nixpkgs": "nixpkgs_2",
        "nixpkgs-unstable": "nixpkgs-unstable",
        "nur": "nur",
        "sops-nix": "sops-nix"
      }
    },
    "sops-nix": {
      "inputs": {
        "nixpkgs": [
          "nixpkgs"
        ],
        "nixpkgs-stable": "nixpkgs-stable"
      },
      "locked": {
        "lastModified": 1719268571,
        "narHash": "sha256-pcUk2Fg5vPXLUEnFI97qaB8hto/IToRfqskFqsjvjb8=",
        "owner": "mic92",
        "repo": "sops-nix",
        "rev": "c2ea1186c0cbfa4d06d406ae50f3e4b085ddc9b3",
        "type": "github"
      },
      "original": {
        "owner": "mic92",
        "repo": "sops-nix",
        "type": "github"
      }
    },
    "systems": {
      "locked": {
        "lastModified": 1681028828,
        "narHash": "sha256-Vy1rq5AaRuLzOxct8nz4T6wlgyUR7zLU309k9mBC768=",
        "owner": "nix-systems",
        "repo": "default",
        "rev": "da67096a3b9bf56a91d16901293e51ba5b49a27e",
        "type": "github"
      },
      "original": {
        "owner": "nix-systems",
        "repo": "default",
        "type": "github"
      }
    }
  },
  "root": "root",
  "version": 7
}
