{
  "nodes": {
    "advisory-db": {
      "flake": false,
      "locked": {
        "lastModified": 1746606729,
        "narHash": "sha256-4fm80C1Zeg2z67wfR4qGrwS0Eevm1FVSg8yZizYPOUM=",
        "owner": "rustsec",
        "repo": "advisory-db",
        "rev": "c5421337865bb6eae6d67811bbb7f5257a5f3faa",
        "type": "github"
      },
      "original": {
        "owner": "rustsec",
        "repo": "advisory-db",
        "type": "github"
      }
    },
    "crane": {
      "locked": {
        "lastModified": 1746291859,
        "narHash": "sha256-DdWJLA+D5tcmrRSg5Y7tp/qWaD05ATI4Z7h22gd1h7Q=",
        "owner": "ipetkov",
        "repo": "crane",
        "rev": "dfd9a8dfd09db9aad544c4d3b6c47b12562544a5",
        "type": "github"
      },
      "original": {
        "owner": "ipetkov",
        "repo": "crane",
        "type": "github"
      }
    },
    "disko": {
      "inputs": {
        "nixpkgs": "nixpkgs"
      },
      "locked": {
        "lastModified": 1760701190,
        "narHash": "sha256-y7UhnWlER8r776JsySqsbTUh2Txf7K30smfHlqdaIQw=",
        "owner": "nix-community",
        "repo": "disko",
        "rev": "3a9450b26e69dcb6f8de6e2b07b3fc1c288d85f5",
        "type": "github"
      },
      "original": {
        "owner": "nix-community",
        "repo": "disko",
        "type": "github"
      }
    },
    "distro-grub-themes": {
      "inputs": {
        "flake-utils": "flake-utils",
        "nixpkgs": [
          "nixpkgs-stable"
        ]
      },
      "locked": {
        "lastModified": 1734806114,
        "narHash": "sha256-FWkDtoLMTTk2Lz4d4LkFjtV/xYyIlpwZlX5Np1QhXls=",
        "owner": "AdisonCavani",
        "repo": "distro-grub-themes",
        "rev": "ebbd17419890059e371a6f2dbf2a7e76190327d4",
        "type": "github"
      },
      "original": {
        "owner": "AdisonCavani",
        "repo": "distro-grub-themes",
        "type": "github"
      }
    },
    "flake-parts": {
      "inputs": {
        "nixpkgs-lib": [
          "nur",
          "nixpkgs"
        ]
      },
      "locked": {
        "lastModified": 1733312601,
        "narHash": "sha256-4pDvzqnegAfRkPwO3wmwBhVi/Sye1mzps0zHWYnP88c=",
        "owner": "hercules-ci",
        "repo": "flake-parts",
        "rev": "205b12d8b7cd4802fbcb8e8ef6a0f1408781a4f9",
        "type": "github"
      },
      "original": {
        "owner": "hercules-ci",
        "repo": "flake-parts",
        "type": "github"
      }
    },
    "flake-utils": {
      "inputs": {
        "systems": "systems"
      },
      "locked": {
        "lastModified": 1731533236,
        "narHash": "sha256-l0KFg5HjrsfsO/JpG+r7fRrqm12kzFHyUHqHCVpMMbI=",
        "owner": "numtide",
        "repo": "flake-utils",
        "rev": "11707dc2f618dd54ca8739b309ec4fc024de578b",
        "type": "github"
      },
      "original": {
        "owner": "numtide",
        "repo": "flake-utils",
        "type": "github"
      }
    },
    "flake-utils_2": {
      "inputs": {
        "systems": "systems_2"
      },
      "locked": {
        "lastModified": 1731533236,
        "narHash": "sha256-l0KFg5HjrsfsO/JpG+r7fRrqm12kzFHyUHqHCVpMMbI=",
        "owner": "numtide",
        "repo": "flake-utils",
        "rev": "11707dc2f618dd54ca8739b309ec4fc024de578b",
        "type": "github"
      },
      "original": {
        "owner": "numtide",
        "repo": "flake-utils",
        "type": "github"
      }
    },
    "git-project-updater": {
      "inputs": {
        "advisory-db": "advisory-db",
        "crane": "crane",
        "flake-utils": "flake-utils_2",
        "nixpkgs": [
          "nixpkgs"
        ]
      },
      "locked": {
        "lastModified": 1746879695,
        "narHash": "sha256-14hKR8ySlxdqM4xkKF1reVl9T6+jA0RAKWlA5/O8ogE=",
        "owner": "nico-swan-com",
        "repo": "git-project-updater",
        "rev": "a3457078d09a93251420ece04593172968bf8f88",
        "type": "github"
      },
      "original": {
        "owner": "nico-swan-com",
        "repo": "git-project-updater",
        "type": "github"
      }
    },
    "hardware": {
      "locked": {
        "lastModified": 1760958188,
        "narHash": "sha256-2m1S4jl+GEDtlt2QqeHil8Ny456dcGSKJAM7q3j/BFU=",
        "owner": "nixos",
        "repo": "nixos-hardware",
        "rev": "d6645c340ef7d821602fd2cd199e8d1eed10afbc",
        "type": "github"
      },
      "original": {
        "owner": "nixos",
        "repo": "nixos-hardware",
        "type": "github"
      }
    },
    "home-manager": {
      "inputs": {
        "nixpkgs": [
          "nixpkgs-stable"
        ]
      },
      "locked": {
        "lastModified": 1761344779,
        "narHash": "sha256-6LNSptFYhiAd0M/maJoixJw7V0Kp5BSoMRtIahcfu3M=",
        "owner": "nix-community",
        "repo": "home-manager",
        "rev": "c644cb018f9fdec55f5ac2afb4713a8c7beb757c",
        "type": "github"
      },
      "original": {
        "owner": "nix-community",
        "ref": "master",
        "repo": "home-manager",
        "type": "github"
      }
    },
    "nix-darwin": {
      "inputs": {
        "nixpkgs": [
          "nixpkgs-stable"
        ]
      },
      "locked": {
        "lastModified": 1761339987,
        "narHash": "sha256-IUaawVwItZKi64IA6kF6wQCLCzpXbk2R46dHn8sHkig=",
        "owner": "lnl7",
        "repo": "nix-darwin",
        "rev": "7cd9aac79ee2924a85c211d21fafd394b06a38de",
        "type": "github"
      },
      "original": {
        "owner": "lnl7",
        "ref": "master",
        "repo": "nix-darwin",
        "type": "github"
      }
    },
    "nix-secrets": {
      "flake": false,
      "locked": {
        "lastModified": 1761673629,
        "narHash": "sha256-BxbxuOgyapL/e+z1dLb+JnO60i+Mw4wRCcMyQvSLSyg=",
        "ref": "main",
        "rev": "7b5ae1d252adf7293a16048cbda8f69862db7bd2",
        "shallow": true,
        "type": "git",
        "url": "ssh://git@github.com/nico-swan-com/nix-secrets.git"
      },
      "original": {
        "ref": "main",
        "shallow": true,
        "type": "git",
        "url": "ssh://git@github.com/nico-swan-com/nix-secrets.git"
      }
    },
    "nixpkgs": {
      "locked": {
        "lastModified": 1752596105,
        "narHash": "sha256-lFNVsu/mHLq3q11MuGkMhUUoSXEdQjCHvpReaGP1S2k=",
        "owner": "NixOS",
        "repo": "nixpkgs",
        "rev": "dab3a6e781554f965bde3def0aa2fda4eb8f1708",
        "type": "github"
      },
      "original": {
        "owner": "NixOS",
        "ref": "nixpkgs-unstable",
        "repo": "nixpkgs",
        "type": "github"
      }
    },
    "nixpkgs-stable": {
      "locked": {
        "lastModified": 1751290243,
        "narHash": "sha256-kNf+obkpJZWar7HZymXZbW+Rlk3HTEIMlpc6FCNz0Ds=",
        "owner": "NixOS",
        "repo": "nixpkgs",
        "rev": "5ab036a8d97cb9476fbe81b09076e6e91d15e1b6",
        "type": "github"
      },
      "original": {
        "owner": "NixOS",
        "ref": "release-24.11",
        "repo": "nixpkgs",
        "type": "github"
      }
    },
    "nixpkgs-unstable": {
      "locked": {
        "lastModified": 1761114652,
        "narHash": "sha256-f/QCJM/YhrV/lavyCVz8iU3rlZun6d+dAiC3H+CDle4=",
        "owner": "NixOS",
        "repo": "nixpkgs",
        "rev": "01f116e4df6a15f4ccdffb1bcd41096869fb385c",
        "type": "github"
      },
      "original": {
        "owner": "NixOS",
        "ref": "nixos-unstable",
        "repo": "nixpkgs",
        "type": "github"
      }
    },
    "nixpkgs_2": {
      "locked": {
        "lastModified": 1761114652,
        "narHash": "sha256-f/QCJM/YhrV/lavyCVz8iU3rlZun6d+dAiC3H+CDle4=",
        "owner": "NixOS",
        "repo": "nixpkgs",
        "rev": "01f116e4df6a15f4ccdffb1bcd41096869fb385c",
        "type": "github"
      },
      "original": {
        "owner": "NixOS",
        "ref": "nixos-unstable",
        "repo": "nixpkgs",
        "type": "github"
      }
    },
    "nixpkgs_3": {
      "locked": {
        "lastModified": 1761114652,
        "narHash": "sha256-f/QCJM/YhrV/lavyCVz8iU3rlZun6d+dAiC3H+CDle4=",
        "owner": "nixos",
        "repo": "nixpkgs",
        "rev": "01f116e4df6a15f4ccdffb1bcd41096869fb385c",
        "type": "github"
      },
      "original": {
        "owner": "nixos",
        "ref": "nixos-unstable",
        "repo": "nixpkgs",
        "type": "github"
      }
    },
    "nixpkgs_4": {
      "locked": {
        "lastModified": 1760596604,
        "narHash": "sha256-J/i5K6AAz/y5dBePHQOuzC7MbhyTOKsd/GLezSbEFiM=",
        "owner": "NixOS",
        "repo": "nixpkgs",
        "rev": "3cbe716e2346710d6e1f7c559363d14e11c32a43",
        "type": "github"
      },
      "original": {
        "owner": "NixOS",
        "ref": "nixpkgs-unstable",
        "repo": "nixpkgs",
        "type": "github"
      }
    },
    "nur": {
      "inputs": {
        "flake-parts": "flake-parts",
        "nixpkgs": "nixpkgs_3"
      },
      "locked": {
        "lastModified": 1761371184,
        "narHash": "sha256-ovfesmmNIJf7sUm9AYhTS59DeXTJ6lEr+NZQ24C6r0s=",
        "owner": "nix-community",
        "repo": "NUR",
        "rev": "9d12ccc5dc8d56cb41e2dc0092f3acd08fee6eb3",
        "type": "github"
      },
      "original": {
        "owner": "nix-community",
        "repo": "NUR",
        "type": "github"
      }
    },
    "root": {
      "inputs": {
        "disko": "disko",
        "distro-grub-themes": "distro-grub-themes",
        "git-project-updater": "git-project-updater",
        "hardware": "hardware",
        "home-manager": "home-manager",
        "nix-darwin": "nix-darwin",
        "nix-secrets": "nix-secrets",
        "nixpkgs": "nixpkgs_2",
        "nixpkgs-stable": "nixpkgs-stable",
        "nixpkgs-unstable": "nixpkgs-unstable",
        "nur": "nur",
        "sops-nix": "sops-nix"
      }
    },
    "sops-nix": {
      "inputs": {
        "nixpkgs": "nixpkgs_4"
      },
      "locked": {
        "lastModified": 1760998189,
        "narHash": "sha256-ee2e1/AeGL5X8oy/HXsZQvZnae6XfEVdstGopKucYLY=",
        "owner": "mic92",
        "repo": "sops-nix",
        "rev": "5a7d18b5c55642df5c432aadb757140edfeb70b3",
        "type": "github"
      },
      "original": {
        "owner": "mic92",
        "repo": "sops-nix",
        "type": "github"
      }
    },
    "systems": {
      "locked": {
        "lastModified": 1681028828,
        "narHash": "sha256-Vy1rq5AaRuLzOxct8nz4T6wlgyUR7zLU309k9mBC768=",
        "owner": "nix-systems",
        "repo": "default",
        "rev": "da67096a3b9bf56a91d16901293e51ba5b49a27e",
        "type": "github"
      },
      "original": {
        "owner": "nix-systems",
        "repo": "default",
        "type": "github"
      }
    },
    "systems_2": {
      "locked": {
        "lastModified": 1681028828,
        "narHash": "sha256-Vy1rq5AaRuLzOxct8nz4T6wlgyUR7zLU309k9mBC768=",
        "owner": "nix-systems",
        "repo": "default",
        "rev": "da67096a3b9bf56a91d16901293e51ba5b49a27e",
        "type": "github"
      },
      "original": {
        "owner": "nix-systems",
        "repo": "default",
        "type": "github"
      }
    }
  },
  "root": "root",
  "version": 7
}
