{
  "nodes": {
    "defaultVoice": {
      "flake": false,
      "locked": {
        "narHash": "sha256-of5ZrlKn2a4xOz3foHYklR1YWKWNd37ONrF+A48yAT4=",
        "type": "file",
        "url": "https://huggingface.co/rhasspy/piper-voices/resolve/v1.0.0/en/en_US/joe/medium/en_US-joe-medium.onnx?download=true"
      },
      "original": {
        "type": "file",
        "url": "https://huggingface.co/rhasspy/piper-voices/resolve/v1.0.0/en/en_US/joe/medium/en_US-joe-medium.onnx?download=true"
      }
    },
    "defaultVoiceConfig": {
      "flake": false,
      "locked": {
        "narHash": "sha256-Ze6zcKwoK/hiNnPrS0w5QzKWZ/hzDIlfRqJUiDdd37A=",
        "type": "file",
        "url": "https://huggingface.co/rhasspy/piper-voices/resolve/v1.0.0/en/en_US/john/medium/en_US-john-medium.onnx.json?download=true.json"
      },
      "original": {
        "type": "file",
        "url": "https://huggingface.co/rhasspy/piper-voices/resolve/v1.0.0/en/en_US/john/medium/en_US-john-medium.onnx.json?download=true.json"
      }
    },
    "nixpkgs": {
      "locked": {
        "lastModified": 1718086528,
        "narHash": "sha256-hoB7B7oPgypePz16cKWawPfhVvMSXj4G/qLsfFuhFjw=",
        "owner": "nixos",
        "repo": "nixpkgs",
        "rev": "47b604b07d1e8146d5398b42d3306fdebd343986",
        "type": "github"
      },
      "original": {
        "owner": "nixos",
        "ref": "nixos-24.05",
        "repo": "nixpkgs",
        "type": "github"
      }
    },
    "root": {
      "inputs": {
        "defaultVoice": "defaultVoice",
        "defaultVoiceConfig": "defaultVoiceConfig",
        "nixpkgs": "nixpkgs"
      }
    }
  },
  "root": "root",
  "version": 7
}
