{
  "nodes": {
    "disko": {
      "inputs": {
        "nixpkgs": "nixpkgs"
      },
      "locked": {
        "lastModified": 1717770040,
        "narHash": "sha256-eq9gP060TqWqRf2k4WO5FrG49rVq5Jy3Ptusg0CFdds=",
        "owner": "nix-community",
        "repo": "disko",
        "rev": "398acc470f7c2d68621db01900f053e6000129c4",
        "type": "github"
      },
      "original": {
        "owner": "nix-community",
        "repo": "disko",
        "type": "github"
      }
    },
    "nixpkgs": {
      "locked": {
        "lastModified": 1717459389,
        "narHash": "sha256-I8/plBsua4/NZ5bKgj+z7/ThiWuud1YFwLsn1QQ5PgE=",
        "owner": "NixOS",
        "repo": "nixpkgs",
        "rev": "3b01abcc24846ae49957b30f4345bab4b3f1d14b",
        "type": "github"
      },
      "original": {
        "owner": "NixOS",
        "ref": "nixpkgs-unstable",
        "repo": "nixpkgs",
        "type": "github"
      }
    },
    "nixpkgs_2": {
      "locked": {
        "lastModified": 1717828332,
        "narHash": "sha256-cKLOF3yfZ3P2owdtqVT9v8MhkZhVqBXTMcLje17XfoQ=",
        "owner": "NixOS",
        "repo": "nixpkgs",
        "rev": "8108373f5f56cab63bd208f56c5339893e27639d",
        "type": "github"
      },
      "original": {
        "owner": "NixOS",
        "ref": "release-24.05",
        "repo": "nixpkgs",
        "type": "github"
      }
    },
    "root": {
      "inputs": {
        "disko": "disko",
        "nixpkgs": "nixpkgs_2"
      }
    }
  },
  "root": "root",
  "version": 7
}
